
Microsoft Visual Studio Solution File, Format Version 12.00
# Visual Studio 2012
Project("{FAE04EC0-301F-11D3-BF4B-00C04F79EFBC}") = "NumericalMethods", "NumericalMethods\NumericalMethods.csproj", "{AE4C48A4-0CEB-4C9F-A88C-FEAB2DA00DEA}"
EndProject
Global
	GlobalSection(SolutionConfigurationPlatforms) = preSolution
		Debug|Any CPU = Debug|Any CPU
		Release|Any CPU = Release|Any CPU
	EndGlobalSection
	GlobalSection(ProjectConfigurationPlatforms) = postSolution
		{AE4C48A4-0CEB-4C9F-A88C-FEAB2DA00DEA}.Debug|Any CPU.ActiveCfg = Debug|Any CPU
		{AE4C48A4-0CEB-4C9F-A88C-FEAB2DA00DEA}.Debug|Any CPU.Build.0 = Debug|Any CPU
		{AE4C48A4-0CEB-4C9F-A88C-FEAB2DA00DEA}.Release|Any CPU.ActiveCfg = Release|Any CPU
		{AE4C48A4-0CEB-4C9F-A88C-FEAB2DA00DEA}.Release|Any CPU.Build.0 = Release|Any CPU
	EndGlobalSection
	GlobalSection(SolutionProperties) = preSolution
		HideSolutionNode = FALSE
	EndGlobalSection
EndGlobal
