
Microsoft Visual Studio Solution File, Format Version 12.00
# Visual Studio 2012
Project("{FAE04EC0-301F-11D3-BF4B-00C04F79EFBC}") = "TIMC3", "TIMS3\TIMC3.csproj", "{ACBABF6F-C090-4AAB-8A36-33B6B1F28AFE}"
EndProject
Global
	GlobalSection(SolutionConfigurationPlatforms) = preSolution
		Debug|Any CPU = Debug|Any CPU
		Release|Any CPU = Release|Any CPU
	EndGlobalSection
	GlobalSection(ProjectConfigurationPlatforms) = postSolution
		{ACBABF6F-C090-4AAB-8A36-33B6B1F28AFE}.Debug|Any CPU.ActiveCfg = Debug|Any CPU
		{ACBABF6F-C090-4AAB-8A36-33B6B1F28AFE}.Debug|Any CPU.Build.0 = Debug|Any CPU
		{ACBABF6F-C090-4AAB-8A36-33B6B1F28AFE}.Release|Any CPU.ActiveCfg = Release|Any CPU
		{ACBABF6F-C090-4AAB-8A36-33B6B1F28AFE}.Release|Any CPU.Build.0 = Release|Any CPU
	EndGlobalSection
	GlobalSection(SolutionProperties) = preSolution
		HideSolutionNode = FALSE
	EndGlobalSection
EndGlobal
